{
    "name": "react-sdk-streampay",
    "version": "1.0.0",
    "lockfileVersion": 3,
    "requires": true,
    "packages": {
        "": {
            "name": "react-sdk-streampay",
            "version": "1.0.0",
            "license": "ISC",
            "dependencies": {
                "ethers": "^6.7.1"
            },
            "devDependencies": {
                "@types/react": "^18.2.24",
                "@types/react-dom": "^18.2.8",
                "react": "^18.2.0",
                "react-dom": "^18.2.0",
                "typescript": "^5.2.2"
            },
            "peerDependencies": {
                "@types/react": "^18.2.24",
                "@types/react-dom": "^18.2.8"
            }
        },
        "node_modules/@adraffy/ens-normalize": {
            "version": "1.9.2",
            "resolved": "https://registry.npmjs.org/@adraffy/ens-normalize/-/ens-normalize-1.9.2.tgz",
            "integrity": "sha512-0h+FrQDqe2Wn+IIGFkTCd4aAwTJ+7834Ek1COohCyV26AXhwQ7WQaz+4F/nLOeVl/3BtWHOHLPsq46V8YB46Eg=="
        },
        "node_modules/@noble/hashes": {
            "version": "1.1.2",
            "resolved": "https://registry.npmjs.org/@noble/hashes/-/hashes-1.1.2.tgz",
            "integrity": "sha512-KYRCASVTv6aeUi1tsF8/vpyR7zpfs3FUzy2Jqm+MU+LmUKhQ0y2FpfwqkCcxSg2ua4GALJd8k2R76WxwZGbQpA==",
            "funding": [
                {
                    "type": "individual",
                    "url": "https://paulmillr.com/funding/"
                }
            ]
        },
        "node_modules/@noble/secp256k1": {
            "version": "1.7.1",
            "resolved": "https://registry.npmjs.org/@noble/secp256k1/-/secp256k1-1.7.1.tgz",
            "integrity": "sha512-hOUk6AyBFmqVrv7k5WAw/LpszxVbj9gGN4JRkIX52fdFAj1UA61KXmZDvqVEm+pOyec3+fIeZB02LYa/pWOArw==",
            "funding": [
                {
                    "type": "individual",
                    "url": "https://paulmillr.com/funding/"
                }
            ]
        },
        "node_modules/@types/node": {
            "version": "18.15.13",
            "resolved": "https://registry.npmjs.org/@types/node/-/node-18.15.13.tgz",
            "integrity": "sha512-N+0kuo9KgrUQ1Sn/ifDXsvg0TTleP7rIy4zOBGECxAljqvqfqpTfzx0Q1NUedOixRMBfe2Whhb056a42cWs26Q=="
        },
        "node_modules/@types/prop-types": {
            "version": "15.7.8",
            "resolved": "https://registry.npmjs.org/@types/prop-types/-/prop-types-15.7.8.tgz",
            "integrity": "sha512-kMpQpfZKSCBqltAJwskgePRaYRFukDkm1oItcAbC3gNELR20XIBcN9VRgg4+m8DKsTfkWeA4m4Imp4DDuWy7FQ==",
            "dev": true
        },
        "node_modules/@types/react": {
            "version": "18.2.24",
            "resolved": "https://registry.npmjs.org/@types/react/-/react-18.2.24.tgz",
            "integrity": "sha512-Ee0Jt4sbJxMu1iDcetZEIKQr99J1Zfb6D4F3qfUWoR1JpInkY1Wdg4WwCyBjL257D0+jGqSl1twBjV8iCaC0Aw==",
            "dev": true,
            "dependencies": {
                "@types/prop-types": "*",
                "@types/scheduler": "*",
                "csstype": "^3.0.2"
            }
        },
        "node_modules/@types/react-dom": {
            "version": "18.2.8",
            "resolved": "https://registry.npmjs.org/@types/react-dom/-/react-dom-18.2.8.tgz",
            "integrity": "sha512-bAIvO5lN/U8sPGvs1Xm61rlRHHaq5rp5N3kp9C+NJ/Q41P8iqjkXSu0+/qu8POsjH9pNWb0OYabFez7taP7omw==",
            "dev": true,
            "dependencies": {
                "@types/react": "*"
            }
        },
        "node_modules/@types/scheduler": {
            "version": "0.16.4",
            "resolved": "https://registry.npmjs.org/@types/scheduler/-/scheduler-0.16.4.tgz",
            "integrity": "sha512-2L9ifAGl7wmXwP4v3pN4p2FLhD0O1qsJpvKmNin5VA8+UvNVb447UDaAEV6UdrkA+m/Xs58U1RFps44x6TFsVQ==",
            "dev": true
        },
        "node_modules/aes-js": {
            "version": "4.0.0-beta.5",
            "resolved": "https://registry.npmjs.org/aes-js/-/aes-js-4.0.0-beta.5.tgz",
            "integrity": "sha512-G965FqalsNyrPqgEGON7nIx1e/OVENSgiEIzyC63haUMuvNnwIgIjMs52hlTCKhkBny7A2ORNlfY9Zu+jmGk1Q=="
        },
        "node_modules/csstype": {
            "version": "3.1.2",
            "resolved": "https://registry.npmjs.org/csstype/-/csstype-3.1.2.tgz",
            "integrity": "sha512-I7K1Uu0MBPzaFKg4nI5Q7Vs2t+3gWWW648spaF+Rg7pI9ds18Ugn+lvg4SHczUdKlHI5LWBXyqfS8+DufyBsgQ==",
            "dev": true
        },
        "node_modules/ethers": {
            "version": "6.7.1",
            "resolved": "https://registry.npmjs.org/ethers/-/ethers-6.7.1.tgz",
            "integrity": "sha512-qX5kxIFMfg1i+epfgb0xF4WM7IqapIIu50pOJ17aebkxxa4BacW5jFrQRmCJpDEg2ZK2oNtR5QjrQ1WDBF29dA==",
            "funding": [
                {
                    "type": "individual",
                    "url": "https://github.com/sponsors/ethers-io/"
                },
                {
                    "type": "individual",
                    "url": "https://www.buymeacoffee.com/ricmoo"
                }
            ],
            "dependencies": {
                "@adraffy/ens-normalize": "1.9.2",
                "@noble/hashes": "1.1.2",
                "@noble/secp256k1": "1.7.1",
                "@types/node": "18.15.13",
                "aes-js": "4.0.0-beta.5",
                "tslib": "2.4.0",
                "ws": "8.5.0"
            },
            "engines": {
                "node": ">=14.0.0"
            }
        },
        "node_modules/js-tokens": {
            "version": "4.0.0",
            "resolved": "https://registry.npmjs.org/js-tokens/-/js-tokens-4.0.0.tgz",
            "integrity": "sha512-RdJUflcE3cUzKiMqQgsCu06FPu9UdIJO0beYbPhHN4k6apgJtifcoCtT9bcxOpYBtpD2kCM6Sbzg4CausW/PKQ==",
            "dev": true
        },
        "node_modules/loose-envify": {
            "version": "1.4.0",
            "resolved": "https://registry.npmjs.org/loose-envify/-/loose-envify-1.4.0.tgz",
            "integrity": "sha512-lyuxPGr/Wfhrlem2CL/UcnUc1zcqKAImBDzukY7Y5F/yQiNdko6+fRLevlw1HgMySw7f611UIY408EtxRSoK3Q==",
            "dev": true,
            "dependencies": {
                "js-tokens": "^3.0.0 || ^4.0.0"
            },
            "bin": {
                "loose-envify": "cli.js"
            }
        },
        "node_modules/react": {
            "version": "18.2.0",
            "resolved": "https://registry.npmjs.org/react/-/react-18.2.0.tgz",
            "integrity": "sha512-/3IjMdb2L9QbBdWiW5e3P2/npwMBaU9mHCSCUzNln0ZCYbcfTsGbTJrU/kGemdH2IWmB2ioZ+zkxtmq6g09fGQ==",
            "dev": true,
            "dependencies": {
                "loose-envify": "^1.1.0"
            },
            "engines": {
                "node": ">=0.10.0"
            }
        },
        "node_modules/react-dom": {
            "version": "18.2.0",
            "resolved": "https://registry.npmjs.org/react-dom/-/react-dom-18.2.0.tgz",
            "integrity": "sha512-6IMTriUmvsjHUjNtEDudZfuDQUoWXVxKHhlEGSk81n4YFS+r/Kl99wXiwlVXtPBtJenozv2P+hxDsw9eA7Xo6g==",
            "dev": true,
            "dependencies": {
                "loose-envify": "^1.1.0",
                "scheduler": "^0.23.0"
            },
            "peerDependencies": {
                "react": "^18.2.0"
            }
        },
        "node_modules/scheduler": {
            "version": "0.23.0",
            "resolved": "https://registry.npmjs.org/scheduler/-/scheduler-0.23.0.tgz",
            "integrity": "sha512-CtuThmgHNg7zIZWAXi3AsyIzA3n4xx7aNyjwC2VJldO2LMVDhFK+63xGqq6CsJH4rTAt6/M+N4GhZiDYPx9eUw==",
            "dev": true,
            "dependencies": {
                "loose-envify": "^1.1.0"
            }
        },
        "node_modules/tslib": {
            "version": "2.4.0",
            "resolved": "https://registry.npmjs.org/tslib/-/tslib-2.4.0.tgz",
            "integrity": "sha512-d6xOpEDfsi2CZVlPQzGeux8XMwLT9hssAsaPYExaQMuYskwb+x1x7J371tWlbBdWHroy99KnVB6qIkUbs5X3UQ=="
        },
        "node_modules/typescript": {
            "version": "5.2.2",
            "resolved": "https://registry.npmjs.org/typescript/-/typescript-5.2.2.tgz",
            "integrity": "sha512-mI4WrpHsbCIcwT9cF4FZvr80QUeKvsUsUvKDoR+X/7XHQH98xYD8YHZg7ANtz2GtZt/CBq2QJ0thkGJMHfqc1w==",
            "dev": true,
            "bin": {
                "tsc": "bin/tsc",
                "tsserver": "bin/tsserver"
            },
            "engines": {
                "node": ">=14.17"
            }
        },
        "node_modules/ws": {
            "version": "8.5.0",
            "resolved": "https://registry.npmjs.org/ws/-/ws-8.5.0.tgz",
            "integrity": "sha512-BWX0SWVgLPzYwF8lTzEy1egjhS4S4OEAHfsO8o65WOVsrnSRGaSiUaa9e0ggGlkMTtBlmOpEXiie9RUcBO86qg==",
            "engines": {
                "node": ">=10.0.0"
            },
            "peerDependencies": {
                "bufferutil": "^4.0.1",
                "utf-8-validate": "^5.0.2"
            },
            "peerDependenciesMeta": {
                "bufferutil": {
                    "optional": true
                },
                "utf-8-validate": {
                    "optional": true
                }
            }
        }
    }
}
